// !$*UTF8*$!
{
	archiveVersion = 1;
	classes = {
	};
	objectVersion = 50;
	objects = {

/* Begin PBXBuildFile section */
		AADC6FD0252A59FC009CA133 /* main.cpp in Sources */ = {isa = PBXBuildFile; fileRef = AADC6FCF252A59FC009CA133 /* main.cpp */; };
		AADC6FD7252A5D9A009CA133 /* KeyDispatcher.hpp in Sources */ = {isa = PBXBuildFile; fileRef = AADC6FD6252A5D9A009CA133 /* KeyDispatcher.hpp */; };
		AADC6FDA252A6145009CA133 /* Helpers.hpp in Sources */ = {isa = PBXBuildFile; fileRef = AADC6FD8252A5E20009CA133 /* Helpers.hpp */; };
		AAE06C87252A70010048027D /* mode1.json in Copy Files */ = {isa = PBXBuildFile; fileRef = AAE06C86252A6B1B0048027D /* mode1.json */; };
		AAE06C8A252A7FC30048027D /* ApplicationServices.framework in Frameworks */ = {isa = PBXBuildFile; fileRef = AAE06C89252A7FC20048027D /* ApplicationServices.framework */; };
		AAE06C91252A8DE70048027D /* _tests.json in Copy Files */ = {isa = PBXBuildFile; fileRef = AAE06C8B252A8DE40048027D /* _tests.json */; };
		AAE06C92252A8DE70048027D /* _altTabMode.json in Copy Files */ = {isa = PBXBuildFile; fileRef = AAE06C8C252A8DE50048027D /* _altTabMode.json */; };
		AAE06C93252A8DE70048027D /* _vimMode.json in Copy Files */ = {isa = PBXBuildFile; fileRef = AAE06C8D252A8DE50048027D /* _vimMode.json */; };
		AAE06C94252A8DE70048027D /* _clicksMode.json in Copy Files */ = {isa = PBXBuildFile; fileRef = AAE06C8E252A8DE60048027D /* _clicksMode.json */; };
		AAE06C95252A8DE70048027D /* symbols.json in Copy Files */ = {isa = PBXBuildFile; fileRef = AAE06C90252A8DE60048027D /* symbols.json */; };
		F92A8D19275DBE7500EFDC0F /* AppKit.framework in Frameworks */ = {isa = PBXBuildFile; fileRef = F92A8D18275DBE7500EFDC0F /* AppKit.framework */; };
		F93B717B275C495A000976F7 /* IOKit.framework in Frameworks */ = {isa = PBXBuildFile; fileRef = F93B717A275C495A000976F7 /* IOKit.framework */; };
/* End PBXBuildFile section */

/* Begin PBXCopyFilesBuildPhase section */
		AADC6FCA252A59FC009CA133 /* Copy Files */ = {
			isa = PBXCopyFilesBuildPhase;
			buildActionMask = 12;
			dstPath = "";
			dstSubfolderSpec = 6;
			files = (
				AAE06C91252A8DE70048027D /* _tests.json in Copy Files */,
				AAE06C92252A8DE70048027D /* _altTabMode.json in Copy Files */,
				AAE06C93252A8DE70048027D /* _vimMode.json in Copy Files */,
				AAE06C94252A8DE70048027D /* _clicksMode.json in Copy Files */,
				AAE06C87252A70010048027D /* mode1.json in Copy Files */,
				AAE06C95252A8DE70048027D /* symbols.json in Copy Files */,
			);
			name = "Copy Files";
			runOnlyForDeploymentPostprocessing = 0;
		};
/* End PBXCopyFilesBuildPhase section */

/* Begin PBXFileReference section */
		AADC6FCC252A59FC009CA133 /* KeyRemappertest */ = {isa = PBXFileReference; explicitFileType = "compiled.mach-o.executable"; includeInIndex = 0; path = KeyRemappertest; sourceTree = BUILT_PRODUCTS_DIR; };
		AADC6FCF252A59FC009CA133 /* main.cpp */ = {isa = PBXFileReference; lastKnownFileType = sourcecode.cpp.cpp; path = main.cpp; sourceTree = "<group>"; };
		AADC6FD6252A5D9A009CA133 /* KeyDispatcher.hpp */ = {isa = PBXFileReference; lastKnownFileType = sourcecode.cpp.h; path = KeyDispatcher.hpp; sourceTree = "<group>"; };
		AADC6FD8252A5E20009CA133 /* Helpers.hpp */ = {isa = PBXFileReference; lastKnownFileType = sourcecode.cpp.h; path = Helpers.hpp; sourceTree = "<group>"; };
		AADC6FD9252A5F02009CA133 /* json.hpp */ = {isa = PBXFileReference; lastKnownFileType = sourcecode.cpp.h; path = json.hpp; sourceTree = "<group>"; };
		AAE06C86252A6B1B0048027D /* mode1.json */ = {isa = PBXFileReference; lastKnownFileType = text.json; path = mode1.json; sourceTree = "<group>"; };
		AAE06C89252A7FC20048027D /* ApplicationServices.framework */ = {isa = PBXFileReference; lastKnownFileType = wrapper.framework; name = ApplicationServices.framework; path = System/Library/Frameworks/ApplicationServices.framework; sourceTree = SDKROOT; };
		AAE06C8B252A8DE40048027D /* _tests.json */ = {isa = PBXFileReference; lastKnownFileType = text.json; name = _tests.json; path = KeyRemappertest/_tests.json; sourceTree = "<group>"; };
		AAE06C8C252A8DE50048027D /* _altTabMode.json */ = {isa = PBXFileReference; lastKnownFileType = text.json; name = _altTabMode.json; path = KeyRemappertest/_altTabMode.json; sourceTree = "<group>"; };
		AAE06C8D252A8DE50048027D /* _vimMode.json */ = {isa = PBXFileReference; lastKnownFileType = text.json; name = _vimMode.json; path = KeyRemappertest/_vimMode.json; sourceTree = "<group>"; };
		AAE06C8E252A8DE60048027D /* _clicksMode.json */ = {isa = PBXFileReference; lastKnownFileType = text.json; name = _clicksMode.json; path = KeyRemappertest/_clicksMode.json; sourceTree = "<group>"; };
		AAE06C8F252A8DE60048027D /* mode1.json */ = {isa = PBXFileReference; lastKnownFileType = text.json; name = mode1.json; path = KeyRemappertest/mode1.json; sourceTree = "<group>"; };
		AAE06C90252A8DE60048027D /* symbols.json */ = {isa = PBXFileReference; lastKnownFileType = text.json; name = symbols.json; path = KeyRemappertest/symbols.json; sourceTree = "<group>"; };
		F92A8D18275DBE7500EFDC0F /* AppKit.framework */ = {isa = PBXFileReference; lastKnownFileType = wrapper.framework; name = AppKit.framework; path = System/Library/Frameworks/AppKit.framework; sourceTree = SDKROOT; };
		F93B717A275C495A000976F7 /* IOKit.framework */ = {isa = PBXFileReference; lastKnownFileType = wrapper.framework; name = IOKit.framework; path = System/Library/Frameworks/IOKit.framework; sourceTree = SDKROOT; };
/* End PBXFileReference section */

/* Begin PBXFrameworksBuildPhase section */
		AADC6FC9252A59FC009CA133 /* Frameworks */ = {
			isa = PBXFrameworksBuildPhase;
			buildActionMask = 2147483647;
			files = (
				F92A8D19275DBE7500EFDC0F /* AppKit.framework in Frameworks */,
				F93B717B275C495A000976F7 /* IOKit.framework in Frameworks */,
				AAE06C8A252A7FC30048027D /* ApplicationServices.framework in Frameworks */,
			);
			runOnlyForDeploymentPostprocessing = 0;
		};
/* End PBXFrameworksBuildPhase section */

/* Begin PBXGroup section */
		AADC6FC3252A59FC009CA133 = {
			isa = PBXGroup;
			children = (
				AAE06C8C252A8DE50048027D /* _altTabMode.json */,
				AAE06C8E252A8DE60048027D /* _clicksMode.json */,
				AAE06C8B252A8DE40048027D /* _tests.json */,
				AAE06C8D252A8DE50048027D /* _vimMode.json */,
				AAE06C8F252A8DE60048027D /* mode1.json */,
				AAE06C90252A8DE60048027D /* symbols.json */,
				AADC6FCE252A59FC009CA133 /* KeyRemappertest */,
				AADC6FCD252A59FC009CA133 /* Products */,
				AAE06C88252A7FC20048027D /* Frameworks */,
			);
			sourceTree = "<group>";
		};
		AADC6FCD252A59FC009CA133 /* Products */ = {
			isa = PBXGroup;
			children = (
				AADC6FCC252A59FC009CA133 /* KeyRemappertest */,
			);
			name = Products;
			sourceTree = "<group>";
		};
		AADC6FCE252A59FC009CA133 /* KeyRemappertest */ = {
			isa = PBXGroup;
			children = (
				AAE06C86252A6B1B0048027D /* mode1.json */,
				AADC6FCF252A59FC009CA133 /* main.cpp */,
				AADC6FD6252A5D9A009CA133 /* KeyDispatcher.hpp */,
				AADC6FD8252A5E20009CA133 /* Helpers.hpp */,
				AADC6FD9252A5F02009CA133 /* json.hpp */,
			);
			path = KeyRemappertest;
			sourceTree = "<group>";
		};
		AAE06C88252A7FC20048027D /* Frameworks */ = {
			isa = PBXGroup;
			children = (
				F92A8D18275DBE7500EFDC0F /* AppKit.framework */,
				F93B717A275C495A000976F7 /* IOKit.framework */,
				AAE06C89252A7FC20048027D /* ApplicationServices.framework */,
			);
			name = Frameworks;
			sourceTree = "<group>";
		};
/* End PBXGroup section */

/* Begin PBXNativeTarget section */
		AADC6FCB252A59FC009CA133 /* KeyRemappertest */ = {
			isa = PBXNativeTarget;
			buildConfigurationList = AADC6FD3252A59FC009CA133 /* Build configuration list for PBXNativeTarget "KeyRemappertest" */;
			buildPhases = (
				AADC6FC8252A59FC009CA133 /* Sources */,
				AADC6FC9252A59FC009CA133 /* Frameworks */,
				AADC6FCA252A59FC009CA133 /* Copy Files */,
			);
			buildRules = (
			);
			dependencies = (
			);
			name = KeyRemappertest;
			productName = KeyRemappertest;
			productReference = AADC6FCC252A59FC009CA133 /* KeyRemappertest */;
			productType = "com.apple.product-type.tool";
		};
/* End PBXNativeTarget section */

/* Begin PBXProject section */
		AADC6FC4252A59FC009CA133 /* Project object */ = {
			isa = PBXProject;
			attributes = {
				LastUpgradeCheck = 1170;
				ORGANIZATIONNAME = "Erwin GO";
				TargetAttributes = {
					AADC6FCB252A59FC009CA133 = {
						CreatedOnToolsVersion = 11.7;
					};
				};
			};
			buildConfigurationList = AADC6FC7252A59FC009CA133 /* Build configuration list for PBXProject "KeyRemappertest" */;
			compatibilityVersion = "Xcode 9.3";
			developmentRegion = en;
			hasScannedForEncodings = 0;
			knownRegions = (
				en,
				Base,
			);
			mainGroup = AADC6FC3252A59FC009CA133;
			productRefGroup = AADC6FCD252A59FC009CA133 /* Products */;
			projectDirPath = "";
			projectRoot = "";
			targets = (
				AADC6FCB252A59FC009CA133 /* KeyRemappertest */,
			);
		};
/* End PBXProject section */

/* Begin PBXSourcesBuildPhase section */
		AADC6FC8252A59FC009CA133 /* Sources */ = {
			isa = PBXSourcesBuildPhase;
			buildActionMask = 2147483647;
			files = (
				AADC6FDA252A6145009CA133 /* Helpers.hpp in Sources */,
				AADC6FD7252A5D9A009CA133 /* KeyDispatcher.hpp in Sources */,
				AADC6FD0252A59FC009CA133 /* main.cpp in Sources */,
			);
			runOnlyForDeploymentPostprocessing = 0;
		};
/* End PBXSourcesBuildPhase section */

/* Begin XCBuildConfiguration section */
		AADC6FD1252A59FC009CA133 /* Debug */ = {
			isa = XCBuildConfiguration;
			buildSettings = {
				ALWAYS_SEARCH_USER_PATHS = NO;
				CLANG_ANALYZER_NONNULL = YES;
				CLANG_ANALYZER_NUMBER_OBJECT_CONVERSION = YES_AGGRESSIVE;
				CLANG_CXX_LANGUAGE_STANDARD = "gnu++17";
				CLANG_CXX_LIBRARY = "libc++";
				CLANG_ENABLE_MODULES = YES;
				CLANG_ENABLE_OBJC_ARC = YES;
				CLANG_ENABLE_OBJC_WEAK = YES;
				CLANG_WARN_BLOCK_CAPTURE_AUTORELEASING = YES;
				CLANG_WARN_BOOL_CONVERSION = YES;
				CLANG_WARN_COMMA = YES;
				CLANG_WARN_CONSTANT_CONVERSION = YES;
				CLANG_WARN_DEPRECATED_OBJC_IMPLEMENTATIONS = YES;
				CLANG_WARN_DIRECT_OBJC_ISA_USAGE = YES_ERROR;
				CLANG_WARN_DOCUMENTATION_COMMENTS = YES;
				CLANG_WARN_EMPTY_BODY = YES;
				CLANG_WARN_ENUM_CONVERSION = YES;
				CLANG_WARN_INFINITE_RECURSION = YES;
				CLANG_WARN_INT_CONVERSION = YES;
				CLANG_WARN_NON_LITERAL_NULL_CONVERSION = YES;
				CLANG_WARN_OBJC_IMPLICIT_RETAIN_SELF = YES;
				CLANG_WARN_OBJC_LITERAL_CONVERSION = YES;
				CLANG_WARN_OBJC_ROOT_CLASS = YES_ERROR;
				CLANG_WARN_RANGE_LOOP_ANALYSIS = YES;
				CLANG_WARN_STRICT_PROTOTYPES = YES;
				CLANG_WARN_SUSPICIOUS_MOVE = YES;
				CLANG_WARN_UNGUARDED_AVAILABILITY = YES_AGGRESSIVE;
				CLANG_WARN_UNREACHABLE_CODE = YES;
				CLANG_WARN__DUPLICATE_METHOD_MATCH = YES;
				CODE_SIGN_IDENTITY = "-";
				COPY_PHASE_STRIP = NO;
				DEBUG_INFORMATION_FORMAT = dwarf;
				ENABLE_STRICT_OBJC_MSGSEND = YES;
				ENABLE_TESTABILITY = YES;
				GCC_C_LANGUAGE_STANDARD = gnu11;
				GCC_DYNAMIC_NO_PIC = NO;
				GCC_NO_COMMON_BLOCKS = YES;
				GCC_OPTIMIZATION_LEVEL = 0;
				GCC_PREPROCESSOR_DEFINITIONS = (
					"DEBUG=1",
					"$(inherited)",
				);
				GCC_WARN_64_TO_32_BIT_CONVERSION = YES;
				GCC_WARN_ABOUT_RETURN_TYPE = YES_ERROR;
				GCC_WARN_UNDECLARED_SELECTOR = YES;
				GCC_WARN_UNINITIALIZED_AUTOS = YES_AGGRESSIVE;
				GCC_WARN_UNUSED_FUNCTION = YES;
				GCC_WARN_UNUSED_VARIABLE = YES;
				MACOSX_DEPLOYMENT_TARGET = 10.15;
				MTL_ENABLE_DEBUG_INFO = INCLUDE_SOURCE;
				MTL_FAST_MATH = YES;
				ONLY_ACTIVE_ARCH = YES;
				SDKROOT = macosx;
			};
			name = Debug;
		};
		AADC6FD2252A59FC009CA133 /* Release */ = {
			isa = XCBuildConfiguration;
			buildSettings = {
				ALWAYS_SEARCH_USER_PATHS = NO;
				CLANG_ANALYZER_NONNULL = YES;
				CLANG_ANALYZER_NUMBER_OBJECT_CONVERSION = YES_AGGRESSIVE;
				CLANG_CXX_LANGUAGE_STANDARD = "gnu++17";
				CLANG_CXX_LIBRARY = "libc++";
				CLANG_ENABLE_MODULES = YES;
				CLANG_ENABLE_OBJC_ARC = YES;
				CLANG_ENABLE_OBJC_WEAK = YES;
				CLANG_WARN_BLOCK_CAPTURE_AUTORELEASING = YES;
				CLANG_WARN_BOOL_CONVERSION = YES;
				CLANG_WARN_COMMA = YES;
				CLANG_WARN_CONSTANT_CONVERSION = YES;
				CLANG_WARN_DEPRECATED_OBJC_IMPLEMENTATIONS = YES;
				CLANG_WARN_DIRECT_OBJC_ISA_USAGE = YES_ERROR;
				CLANG_WARN_DOCUMENTATION_COMMENTS = YES;
				CLANG_WARN_EMPTY_BODY = YES;
				CLANG_WARN_ENUM_CONVERSION = YES;
				CLANG_WARN_INFINITE_RECURSION = YES;
				CLANG_WARN_INT_CONVERSION = YES;
				CLANG_WARN_NON_LITERAL_NULL_CONVERSION = YES;
				CLANG_WARN_OBJC_IMPLICIT_RETAIN_SELF = YES;
				CLANG_WARN_OBJC_LITERAL_CONVERSION = YES;
				CLANG_WARN_OBJC_ROOT_CLASS = YES_ERROR;
				CLANG_WARN_RANGE_LOOP_ANALYSIS = YES;
				CLANG_WARN_STRICT_PROTOTYPES = YES;
				CLANG_WARN_SUSPICIOUS_MOVE = YES;
				CLANG_WARN_UNGUARDED_AVAILABILITY = YES_AGGRESSIVE;
				CLANG_WARN_UNREACHABLE_CODE = YES;
				CLANG_WARN__DUPLICATE_METHOD_MATCH = YES;
				CODE_SIGN_IDENTITY = "-";
				COPY_PHASE_STRIP = NO;
				DEBUG_INFORMATION_FORMAT = "dwarf-with-dsym";
				ENABLE_NS_ASSERTIONS = NO;
				ENABLE_STRICT_OBJC_MSGSEND = YES;
				GCC_C_LANGUAGE_STANDARD = gnu11;
				GCC_NO_COMMON_BLOCKS = YES;
				GCC_WARN_64_TO_32_BIT_CONVERSION = YES;
				GCC_WARN_ABOUT_RETURN_TYPE = YES_ERROR;
				GCC_WARN_UNDECLARED_SELECTOR = YES;
				GCC_WARN_UNINITIALIZED_AUTOS = YES_AGGRESSIVE;
				GCC_WARN_UNUSED_FUNCTION = YES;
				GCC_WARN_UNUSED_VARIABLE = YES;
				MACOSX_DEPLOYMENT_TARGET = 10.15;
				MTL_ENABLE_DEBUG_INFO = NO;
				MTL_FAST_MATH = YES;
				SDKROOT = macosx;
			};
			name = Release;
		};
		AADC6FD4252A59FC009CA133 /* Debug */ = {
			isa = XCBuildConfiguration;
			buildSettings = {
				CLANG_CXX_LANGUAGE_STANDARD = "gnu++17";
				CODE_SIGN_STYLE = Automatic;
				DEVELOPMENT_TEAM = PCZ58H68H5;
				ENABLE_HARDENED_RUNTIME = YES;
				PRODUCT_NAME = "$(TARGET_NAME)";
			};
			name = Debug;
		};
		AADC6FD5252A59FC009CA133 /* Release */ = {
			isa = XCBuildConfiguration;
			buildSettings = {
				CLANG_CXX_LANGUAGE_STANDARD = "gnu++17";
				CODE_SIGN_STYLE = Automatic;
				DEVELOPMENT_TEAM = PCZ58H68H5;
				ENABLE_HARDENED_RUNTIME = YES;
				PRODUCT_NAME = "$(TARGET_NAME)";
			};
			name = Release;
		};
/* End XCBuildConfiguration section */

/* Begin XCConfigurationList section */
		AADC6FC7252A59FC009CA133 /* Build configuration list for PBXProject "KeyRemappertest" */ = {
			isa = XCConfigurationList;
			buildConfigurations = (
				AADC6FD1252A59FC009CA133 /* Debug */,
				AADC6FD2252A59FC009CA133 /* Release */,
			);
			defaultConfigurationIsVisible = 0;
			defaultConfigurationName = Release;
		};
		AADC6FD3252A59FC009CA133 /* Build configuration list for PBXNativeTarget "KeyRemappertest" */ = {
			isa = XCConfigurationList;
			buildConfigurations = (
				AADC6FD4252A59FC009CA133 /* Debug */,
				AADC6FD5252A59FC009CA133 /* Release */,
			);
			defaultConfigurationIsVisible = 0;
			defaultConfigurationName = Release;
		};
/* End XCConfigurationList section */
	};
	rootObject = AADC6FC4252A59FC009CA133 /* Project object */;
}
