// !$*UTF8*$!
{
	archiveVersion = 1;
	classes = {
	};
	objectVersion = 50;
	objects = {

/* Begin PBXBuildFile section */
		F956C60227644E6200F1C95C /* main.mm in Sources */ = {isa = PBXBuildFile; fileRef = F956C60127644E6200F1C95C /* main.mm */; };
		F956C60A27644E8100F1C95C /* IOKit.framework in Frameworks */ = {isa = PBXBuildFile; fileRef = F956C60927644E8100F1C95C /* IOKit.framework */; };
		F956C60C27644E8700F1C95C /* AppKit.framework in Frameworks */ = {isa = PBXBuildFile; fileRef = F956C60B27644E8700F1C95C /* AppKit.framework */; };
		F956C60F27644F8000F1C95C /* Application.mm in Sources */ = {isa = PBXBuildFile; fileRef = F956C60D27644F8000F1C95C /* Application.mm */; };
		F956C6132764581C00F1C95C /* resources in CopyFiles */ = {isa = PBXBuildFile; fileRef = F956C61127644F9600F1C95C /* resources */; };
		F956C6172764CF4300F1C95C /* IOHIDManager.hpp in Sources */ = {isa = PBXBuildFile; fileRef = F956C6162764CF4300F1C95C /* IOHIDManager.hpp */; };
/* End PBXBuildFile section */

/* Begin PBXCopyFilesBuildPhase section */
		F956C5FC27644E6200F1C95C /* CopyFiles */ = {
			isa = PBXCopyFilesBuildPhase;
			buildActionMask = 12;
			dstPath = "";
			dstSubfolderSpec = 6;
			files = (
				F956C6132764581C00F1C95C /* resources in CopyFiles */,
			);
			runOnlyForDeploymentPostprocessing = 0;
		};
/* End PBXCopyFilesBuildPhase section */

/* Begin PBXFileReference section */
		F90A7D0B2764F06700BF7D65 /* MouseHandler.hpp */ = {isa = PBXFileReference; lastKnownFileType = sourcecode.cpp.h; path = MouseHandler.hpp; sourceTree = "<group>"; };
		F90A7D0C276532DE00BF7D65 /* Global.hpp */ = {isa = PBXFileReference; lastKnownFileType = sourcecode.cpp.h; path = Global.hpp; sourceTree = "<group>"; };
		F956C5FE27644E6200F1C95C /* KeyRemapperTerminal */ = {isa = PBXFileReference; explicitFileType = "compiled.mach-o.executable"; includeInIndex = 0; path = KeyRemapperTerminal; sourceTree = BUILT_PRODUCTS_DIR; };
		F956C60127644E6200F1C95C /* main.mm */ = {isa = PBXFileReference; lastKnownFileType = sourcecode.cpp.objcpp; path = main.mm; sourceTree = "<group>"; };
		F956C60927644E8100F1C95C /* IOKit.framework */ = {isa = PBXFileReference; lastKnownFileType = wrapper.framework; name = IOKit.framework; path = System/Library/Frameworks/IOKit.framework; sourceTree = SDKROOT; };
		F956C60B27644E8700F1C95C /* AppKit.framework */ = {isa = PBXFileReference; lastKnownFileType = wrapper.framework; name = AppKit.framework; path = System/Library/Frameworks/AppKit.framework; sourceTree = SDKROOT; };
		F956C60D27644F8000F1C95C /* Application.mm */ = {isa = PBXFileReference; fileEncoding = 4; lastKnownFileType = sourcecode.cpp.objcpp; path = Application.mm; sourceTree = "<group>"; };
		F956C60E27644F8000F1C95C /* Application.h */ = {isa = PBXFileReference; fileEncoding = 4; lastKnownFileType = sourcecode.c.h; path = Application.h; sourceTree = "<group>"; };
		F956C61027644F8900F1C95C /* main.h */ = {isa = PBXFileReference; lastKnownFileType = sourcecode.c.h; path = main.h; sourceTree = "<group>"; };
		F956C61127644F9600F1C95C /* resources */ = {isa = PBXFileReference; lastKnownFileType = folder; path = resources; sourceTree = "<group>"; };
		F956C6162764CF4300F1C95C /* IOHIDManager.hpp */ = {isa = PBXFileReference; lastKnownFileType = sourcecode.cpp.h; path = IOHIDManager.hpp; sourceTree = "<group>"; };
/* End PBXFileReference section */

/* Begin PBXFrameworksBuildPhase section */
		F956C5FB27644E6200F1C95C /* Frameworks */ = {
			isa = PBXFrameworksBuildPhase;
			buildActionMask = 2147483647;
			files = (
				F956C60C27644E8700F1C95C /* AppKit.framework in Frameworks */,
				F956C60A27644E8100F1C95C /* IOKit.framework in Frameworks */,
			);
			runOnlyForDeploymentPostprocessing = 0;
		};
/* End PBXFrameworksBuildPhase section */

/* Begin PBXGroup section */
		F956C5F527644E6200F1C95C = {
			isa = PBXGroup;
			children = (
				F956C60027644E6200F1C95C /* KeyRemapperTerminal */,
				F956C5FF27644E6200F1C95C /* Products */,
				F956C60827644E8100F1C95C /* Frameworks */,
			);
			sourceTree = "<group>";
		};
		F956C5FF27644E6200F1C95C /* Products */ = {
			isa = PBXGroup;
			children = (
				F956C5FE27644E6200F1C95C /* KeyRemapperTerminal */,
			);
			name = Products;
			sourceTree = "<group>";
		};
		F956C60027644E6200F1C95C /* KeyRemapperTerminal */ = {
			isa = PBXGroup;
			children = (
				F956C60E27644F8000F1C95C /* Application.h */,
				F956C60D27644F8000F1C95C /* Application.mm */,
				F956C60127644E6200F1C95C /* main.mm */,
				F956C61027644F8900F1C95C /* main.h */,
				F90A7D0B2764F06700BF7D65 /* MouseHandler.hpp */,
				F90A7D0C276532DE00BF7D65 /* Global.hpp */,
				F956C6162764CF4300F1C95C /* IOHIDManager.hpp */,
				F956C61127644F9600F1C95C /* resources */,
			);
			path = KeyRemapperTerminal;
			sourceTree = "<group>";
		};
		F956C60827644E8100F1C95C /* Frameworks */ = {
			isa = PBXGroup;
			children = (
				F956C60B27644E8700F1C95C /* AppKit.framework */,
				F956C60927644E8100F1C95C /* IOKit.framework */,
			);
			name = Frameworks;
			sourceTree = "<group>";
		};
/* End PBXGroup section */

/* Begin PBXNativeTarget section */
		F956C5FD27644E6200F1C95C /* KeyRemapperTerminal */ = {
			isa = PBXNativeTarget;
			buildConfigurationList = F956C60527644E6200F1C95C /* Build configuration list for PBXNativeTarget "KeyRemapperTerminal" */;
			buildPhases = (
				F956C5FA27644E6200F1C95C /* Sources */,
				F956C5FB27644E6200F1C95C /* Frameworks */,
				F956C5FC27644E6200F1C95C /* CopyFiles */,
			);
			buildRules = (
			);
			dependencies = (
			);
			name = KeyRemapperTerminal;
			productName = KeyRemapperTerminal;
			productReference = F956C5FE27644E6200F1C95C /* KeyRemapperTerminal */;
			productType = "com.apple.product-type.tool";
		};
/* End PBXNativeTarget section */

/* Begin PBXProject section */
		F956C5F627644E6200F1C95C /* Project object */ = {
			isa = PBXProject;
			attributes = {
				LastUpgradeCheck = 1310;
				TargetAttributes = {
					F956C5FD27644E6200F1C95C = {
						CreatedOnToolsVersion = 12.5.1;
					};
				};
			};
			buildConfigurationList = F956C5F927644E6200F1C95C /* Build configuration list for PBXProject "KeyRemapperTerminal" */;
			compatibilityVersion = "Xcode 9.3";
			developmentRegion = en;
			hasScannedForEncodings = 0;
			knownRegions = (
				en,
				Base,
			);
			mainGroup = F956C5F527644E6200F1C95C;
			productRefGroup = F956C5FF27644E6200F1C95C /* Products */;
			projectDirPath = "";
			projectRoot = "";
			targets = (
				F956C5FD27644E6200F1C95C /* KeyRemapperTerminal */,
			);
		};
/* End PBXProject section */

/* Begin PBXSourcesBuildPhase section */
		F956C5FA27644E6200F1C95C /* Sources */ = {
			isa = PBXSourcesBuildPhase;
			buildActionMask = 2147483647;
			files = (
				F956C60F27644F8000F1C95C /* Application.mm in Sources */,
				F956C6172764CF4300F1C95C /* IOHIDManager.hpp in Sources */,
				F956C60227644E6200F1C95C /* main.mm in Sources */,
			);
			runOnlyForDeploymentPostprocessing = 0;
		};
/* End PBXSourcesBuildPhase section */

/* Begin XCBuildConfiguration section */
		F956C60327644E6200F1C95C /* Debug */ = {
			isa = XCBuildConfiguration;
			buildSettings = {
				ALWAYS_SEARCH_USER_PATHS = NO;
				CLANG_ANALYZER_NONNULL = YES;
				CLANG_ANALYZER_NUMBER_OBJECT_CONVERSION = YES_AGGRESSIVE;
				CLANG_CXX_LANGUAGE_STANDARD = "gnu++14";
				CLANG_CXX_LIBRARY = "libc++";
				CLANG_ENABLE_MODULES = YES;
				CLANG_ENABLE_OBJC_ARC = YES;
				CLANG_ENABLE_OBJC_WEAK = YES;
				CLANG_WARN_BLOCK_CAPTURE_AUTORELEASING = YES;
				CLANG_WARN_BOOL_CONVERSION = YES;
				CLANG_WARN_COMMA = YES;
				CLANG_WARN_CONSTANT_CONVERSION = YES;
				CLANG_WARN_DEPRECATED_OBJC_IMPLEMENTATIONS = YES;
				CLANG_WARN_DIRECT_OBJC_ISA_USAGE = YES_ERROR;
				CLANG_WARN_DOCUMENTATION_COMMENTS = YES;
				CLANG_WARN_EMPTY_BODY = YES;
				CLANG_WARN_ENUM_CONVERSION = YES;
				CLANG_WARN_INFINITE_RECURSION = YES;
				CLANG_WARN_INT_CONVERSION = YES;
				CLANG_WARN_NON_LITERAL_NULL_CONVERSION = YES;
				CLANG_WARN_OBJC_IMPLICIT_RETAIN_SELF = YES;
				CLANG_WARN_OBJC_LITERAL_CONVERSION = YES;
				CLANG_WARN_OBJC_ROOT_CLASS = YES_ERROR;
				CLANG_WARN_QUOTED_INCLUDE_IN_FRAMEWORK_HEADER = YES;
				CLANG_WARN_RANGE_LOOP_ANALYSIS = YES;
				CLANG_WARN_STRICT_PROTOTYPES = YES;
				CLANG_WARN_SUSPICIOUS_MOVE = YES;
				CLANG_WARN_UNGUARDED_AVAILABILITY = YES_AGGRESSIVE;
				CLANG_WARN_UNREACHABLE_CODE = YES;
				CLANG_WARN__DUPLICATE_METHOD_MATCH = YES;
				COPY_PHASE_STRIP = NO;
				DEBUG_INFORMATION_FORMAT = dwarf;
				ENABLE_STRICT_OBJC_MSGSEND = YES;
				ENABLE_TESTABILITY = YES;
				GCC_C_LANGUAGE_STANDARD = gnu11;
				GCC_DYNAMIC_NO_PIC = NO;
				GCC_NO_COMMON_BLOCKS = YES;
				GCC_OPTIMIZATION_LEVEL = 0;
				GCC_PREPROCESSOR_DEFINITIONS = (
					"DEBUG=1",
					"$(inherited)",
				);
				GCC_WARN_64_TO_32_BIT_CONVERSION = YES;
				GCC_WARN_ABOUT_RETURN_TYPE = YES_ERROR;
				GCC_WARN_UNDECLARED_SELECTOR = YES;
				GCC_WARN_UNINITIALIZED_AUTOS = YES_AGGRESSIVE;
				GCC_WARN_UNUSED_FUNCTION = YES;
				GCC_WARN_UNUSED_VARIABLE = YES;
				MACOSX_DEPLOYMENT_TARGET = 11.3;
				MTL_ENABLE_DEBUG_INFO = INCLUDE_SOURCE;
				MTL_FAST_MATH = YES;
				ONLY_ACTIVE_ARCH = YES;
				SDKROOT = macosx;
			};
			name = Debug;
		};
		F956C60427644E6200F1C95C /* Release */ = {
			isa = XCBuildConfiguration;
			buildSettings = {
				ALWAYS_SEARCH_USER_PATHS = NO;
				CLANG_ANALYZER_NONNULL = YES;
				CLANG_ANALYZER_NUMBER_OBJECT_CONVERSION = YES_AGGRESSIVE;
				CLANG_CXX_LANGUAGE_STANDARD = "gnu++14";
				CLANG_CXX_LIBRARY = "libc++";
				CLANG_ENABLE_MODULES = YES;
				CLANG_ENABLE_OBJC_ARC = YES;
				CLANG_ENABLE_OBJC_WEAK = YES;
				CLANG_WARN_BLOCK_CAPTURE_AUTORELEASING = YES;
				CLANG_WARN_BOOL_CONVERSION = YES;
				CLANG_WARN_COMMA = YES;
				CLANG_WARN_CONSTANT_CONVERSION = YES;
				CLANG_WARN_DEPRECATED_OBJC_IMPLEMENTATIONS = YES;
				CLANG_WARN_DIRECT_OBJC_ISA_USAGE = YES_ERROR;
				CLANG_WARN_DOCUMENTATION_COMMENTS = YES;
				CLANG_WARN_EMPTY_BODY = YES;
				CLANG_WARN_ENUM_CONVERSION = YES;
				CLANG_WARN_INFINITE_RECURSION = YES;
				CLANG_WARN_INT_CONVERSION = YES;
				CLANG_WARN_NON_LITERAL_NULL_CONVERSION = YES;
				CLANG_WARN_OBJC_IMPLICIT_RETAIN_SELF = YES;
				CLANG_WARN_OBJC_LITERAL_CONVERSION = YES;
				CLANG_WARN_OBJC_ROOT_CLASS = YES_ERROR;
				CLANG_WARN_QUOTED_INCLUDE_IN_FRAMEWORK_HEADER = YES;
				CLANG_WARN_RANGE_LOOP_ANALYSIS = YES;
				CLANG_WARN_STRICT_PROTOTYPES = YES;
				CLANG_WARN_SUSPICIOUS_MOVE = YES;
				CLANG_WARN_UNGUARDED_AVAILABILITY = YES_AGGRESSIVE;
				CLANG_WARN_UNREACHABLE_CODE = YES;
				CLANG_WARN__DUPLICATE_METHOD_MATCH = YES;
				COPY_PHASE_STRIP = NO;
				DEBUG_INFORMATION_FORMAT = "dwarf-with-dsym";
				ENABLE_NS_ASSERTIONS = NO;
				ENABLE_STRICT_OBJC_MSGSEND = YES;
				GCC_C_LANGUAGE_STANDARD = gnu11;
				GCC_NO_COMMON_BLOCKS = YES;
				GCC_WARN_64_TO_32_BIT_CONVERSION = YES;
				GCC_WARN_ABOUT_RETURN_TYPE = YES_ERROR;
				GCC_WARN_UNDECLARED_SELECTOR = YES;
				GCC_WARN_UNINITIALIZED_AUTOS = YES_AGGRESSIVE;
				GCC_WARN_UNUSED_FUNCTION = YES;
				GCC_WARN_UNUSED_VARIABLE = YES;
				MACOSX_DEPLOYMENT_TARGET = 11.3;
				MTL_ENABLE_DEBUG_INFO = NO;
				MTL_FAST_MATH = YES;
				SDKROOT = macosx;
			};
			name = Release;
		};
		F956C60627644E6200F1C95C /* Debug */ = {
			isa = XCBuildConfiguration;
			buildSettings = {
				CLANG_CXX_LANGUAGE_STANDARD = "gnu++17";
				CODE_SIGN_IDENTITY = "Apple Development";
				CODE_SIGN_STYLE = Automatic;
				DEVELOPMENT_TEAM = PCZ58H68H5;
				ENABLE_HARDENED_RUNTIME = YES;
				PRODUCT_NAME = "$(TARGET_NAME)";
			};
			name = Debug;
		};
		F956C60727644E6200F1C95C /* Release */ = {
			isa = XCBuildConfiguration;
			buildSettings = {
				CLANG_CXX_LANGUAGE_STANDARD = "gnu++17";
				CODE_SIGN_IDENTITY = "-";
				CODE_SIGN_STYLE = Automatic;
				DEVELOPMENT_TEAM = PCZ58H68H5;
				ENABLE_HARDENED_RUNTIME = YES;
				PRODUCT_NAME = "$(TARGET_NAME)";
			};
			name = Release;
		};
/* End XCBuildConfiguration section */

/* Begin XCConfigurationList section */
		F956C5F927644E6200F1C95C /* Build configuration list for PBXProject "KeyRemapperTerminal" */ = {
			isa = XCConfigurationList;
			buildConfigurations = (
				F956C60327644E6200F1C95C /* Debug */,
				F956C60427644E6200F1C95C /* Release */,
			);
			defaultConfigurationIsVisible = 0;
			defaultConfigurationName = Release;
		};
		F956C60527644E6200F1C95C /* Build configuration list for PBXNativeTarget "KeyRemapperTerminal" */ = {
			isa = XCConfigurationList;
			buildConfigurations = (
				F956C60627644E6200F1C95C /* Debug */,
				F956C60727644E6200F1C95C /* Release */,
			);
			defaultConfigurationIsVisible = 0;
			defaultConfigurationName = Release;
		};
/* End XCConfigurationList section */
	};
	rootObject = F956C5F627644E6200F1C95C /* Project object */;
}
