// !$*UTF8*$!
{
	archiveVersion = 1;
	classes = {
	};
	objectVersion = 50;
	objects = {

/* Begin PBXBuildFile section */
		F93D8CB527E64D58006C2FD3 /* MyHIDManager.swift in Sources */ = {isa = PBXBuildFile; fileRef = F93D8CB427E64D58006C2FD3 /* MyHIDManager.swift */; };
		F93D8CB927E67AF1006C2FD3 /* KeyRemapperWrapper.mm in Sources */ = {isa = PBXBuildFile; fileRef = F93D8CB727E67AF1006C2FD3 /* KeyRemapperWrapper.mm */; };
		F93D8CBD27E6B320006C2FD3 /* Global.hpp in Sources */ = {isa = PBXBuildFile; fileRef = F93D8CBC27E6B320006C2FD3 /* Global.hpp */; };
		F93D8CBF27E6B6E3006C2FD3 /* MouseHandler.hpp in Sources */ = {isa = PBXBuildFile; fileRef = F93D8CBE27E6B6E3006C2FD3 /* MouseHandler.hpp */; };
		F99C5DF727E7CDB60080117D /* AboutView.swift in Sources */ = {isa = PBXBuildFile; fileRef = F99C5DF627E7CDB60080117D /* AboutView.swift */; };
		F9A8926027644E33009ACA0A /* KeyRemapperApp.swift in Sources */ = {isa = PBXBuildFile; fileRef = F9A8925F27644E33009ACA0A /* KeyRemapperApp.swift */; };
		F9A8926427644E35009ACA0A /* Assets.xcassets in Resources */ = {isa = PBXBuildFile; fileRef = F9A8926327644E35009ACA0A /* Assets.xcassets */; };
		F9A8926727644E35009ACA0A /* Preview Assets.xcassets in Resources */ = {isa = PBXBuildFile; fileRef = F9A8926627644E35009ACA0A /* Preview Assets.xcassets */; };
/* End PBXBuildFile section */

/* Begin PBXFileReference section */
		F93D8CB427E64D58006C2FD3 /* MyHIDManager.swift */ = {isa = PBXFileReference; lastKnownFileType = sourcecode.swift; path = MyHIDManager.swift; sourceTree = "<group>"; };
		F93D8CB627E67AF1006C2FD3 /* KeyRemapper-Bridging-Header.h */ = {isa = PBXFileReference; lastKnownFileType = sourcecode.c.h; path = "KeyRemapper-Bridging-Header.h"; sourceTree = "<group>"; };
		F93D8CB727E67AF1006C2FD3 /* KeyRemapperWrapper.mm */ = {isa = PBXFileReference; lastKnownFileType = sourcecode.cpp.objcpp; path = KeyRemapperWrapper.mm; sourceTree = "<group>"; };
		F93D8CB827E67AF1006C2FD3 /* KeyRemapperWrapper.hpp */ = {isa = PBXFileReference; lastKnownFileType = sourcecode.cpp.h; path = KeyRemapperWrapper.hpp; sourceTree = "<group>"; };
		F93D8CBC27E6B320006C2FD3 /* Global.hpp */ = {isa = PBXFileReference; lastKnownFileType = sourcecode.cpp.h; path = Global.hpp; sourceTree = "<group>"; };
		F93D8CBE27E6B6E3006C2FD3 /* MouseHandler.hpp */ = {isa = PBXFileReference; lastKnownFileType = sourcecode.cpp.h; path = MouseHandler.hpp; sourceTree = "<group>"; };
		F99C5DF627E7CDB60080117D /* AboutView.swift */ = {isa = PBXFileReference; lastKnownFileType = sourcecode.swift; path = AboutView.swift; sourceTree = "<group>"; };
		F9A8925C27644E33009ACA0A /* KeyRemapper.app */ = {isa = PBXFileReference; explicitFileType = wrapper.application; includeInIndex = 0; path = KeyRemapper.app; sourceTree = BUILT_PRODUCTS_DIR; };
		F9A8925F27644E33009ACA0A /* KeyRemapperApp.swift */ = {isa = PBXFileReference; lastKnownFileType = sourcecode.swift; path = KeyRemapperApp.swift; sourceTree = "<group>"; };
		F9A8926327644E35009ACA0A /* Assets.xcassets */ = {isa = PBXFileReference; lastKnownFileType = folder.assetcatalog; path = Assets.xcassets; sourceTree = "<group>"; };
		F9A8926627644E35009ACA0A /* Preview Assets.xcassets */ = {isa = PBXFileReference; lastKnownFileType = folder.assetcatalog; path = "Preview Assets.xcassets"; sourceTree = "<group>"; };
		F9A8926827644E35009ACA0A /* Info.plist */ = {isa = PBXFileReference; lastKnownFileType = text.plist.xml; path = Info.plist; sourceTree = "<group>"; };
		F9A8926927644E35009ACA0A /* KeyRemapper.entitlements */ = {isa = PBXFileReference; lastKnownFileType = text.plist.entitlements; path = KeyRemapper.entitlements; sourceTree = "<group>"; };
/* End PBXFileReference section */

/* Begin PBXFrameworksBuildPhase section */
		F9A8925927644E33009ACA0A /* Frameworks */ = {
			isa = PBXFrameworksBuildPhase;
			buildActionMask = 2147483647;
			files = (
			);
			runOnlyForDeploymentPostprocessing = 0;
		};
/* End PBXFrameworksBuildPhase section */

/* Begin PBXGroup section */
		F9A8925327644E33009ACA0A = {
			isa = PBXGroup;
			children = (
				F9A8925E27644E33009ACA0A /* KeyRemapper */,
				F9A8925D27644E33009ACA0A /* Products */,
				F93D8CB627E67AF1006C2FD3 /* KeyRemapper-Bridging-Header.h */,
			);
			sourceTree = "<group>";
		};
		F9A8925D27644E33009ACA0A /* Products */ = {
			isa = PBXGroup;
			children = (
				F9A8925C27644E33009ACA0A /* KeyRemapper.app */,
			);
			name = Products;
			sourceTree = "<group>";
		};
		F9A8925E27644E33009ACA0A /* KeyRemapper */ = {
			isa = PBXGroup;
			children = (
				F93D8CB727E67AF1006C2FD3 /* KeyRemapperWrapper.mm */,
				F93D8CB827E67AF1006C2FD3 /* KeyRemapperWrapper.hpp */,
				F9A8925F27644E33009ACA0A /* KeyRemapperApp.swift */,
				F9A8926327644E35009ACA0A /* Assets.xcassets */,
				F9A8926827644E35009ACA0A /* Info.plist */,
				F9A8926927644E35009ACA0A /* KeyRemapper.entitlements */,
				F9A8926527644E35009ACA0A /* Preview Content */,
				F93D8CB427E64D58006C2FD3 /* MyHIDManager.swift */,
				F93D8CBC27E6B320006C2FD3 /* Global.hpp */,
				F93D8CBE27E6B6E3006C2FD3 /* MouseHandler.hpp */,
				F99C5DF627E7CDB60080117D /* AboutView.swift */,
			);
			path = KeyRemapper;
			sourceTree = "<group>";
		};
		F9A8926527644E35009ACA0A /* Preview Content */ = {
			isa = PBXGroup;
			children = (
				F9A8926627644E35009ACA0A /* Preview Assets.xcassets */,
			);
			path = "Preview Content";
			sourceTree = "<group>";
		};
/* End PBXGroup section */

/* Begin PBXNativeTarget section */
		F9A8925B27644E33009ACA0A /* KeyRemapper */ = {
			isa = PBXNativeTarget;
			buildConfigurationList = F9A8926C27644E35009ACA0A /* Build configuration list for PBXNativeTarget "KeyRemapper" */;
			buildPhases = (
				F9A8925827644E33009ACA0A /* Sources */,
				F9A8925927644E33009ACA0A /* Frameworks */,
				F9A8925A27644E33009ACA0A /* Resources */,
			);
			buildRules = (
			);
			dependencies = (
			);
			name = KeyRemapper;
			productName = KeyRemapper;
			productReference = F9A8925C27644E33009ACA0A /* KeyRemapper.app */;
			productType = "com.apple.product-type.application";
		};
/* End PBXNativeTarget section */

/* Begin PBXProject section */
		F9A8925427644E33009ACA0A /* Project object */ = {
			isa = PBXProject;
			attributes = {
				LastSwiftUpdateCheck = 1250;
				LastUpgradeCheck = 1310;
				TargetAttributes = {
					F9A8925B27644E33009ACA0A = {
						CreatedOnToolsVersion = 12.5.1;
						LastSwiftMigration = 1310;
					};
				};
			};
			buildConfigurationList = F9A8925727644E33009ACA0A /* Build configuration list for PBXProject "KeyRemapper" */;
			compatibilityVersion = "Xcode 9.3";
			developmentRegion = en;
			hasScannedForEncodings = 0;
			knownRegions = (
				en,
				Base,
			);
			mainGroup = F9A8925327644E33009ACA0A;
			productRefGroup = F9A8925D27644E33009ACA0A /* Products */;
			projectDirPath = "";
			projectRoot = "";
			targets = (
				F9A8925B27644E33009ACA0A /* KeyRemapper */,
			);
		};
/* End PBXProject section */

/* Begin PBXResourcesBuildPhase section */
		F9A8925A27644E33009ACA0A /* Resources */ = {
			isa = PBXResourcesBuildPhase;
			buildActionMask = 2147483647;
			files = (
				F9A8926727644E35009ACA0A /* Preview Assets.xcassets in Resources */,
				F9A8926427644E35009ACA0A /* Assets.xcassets in Resources */,
			);
			runOnlyForDeploymentPostprocessing = 0;
		};
/* End PBXResourcesBuildPhase section */

/* Begin PBXSourcesBuildPhase section */
		F9A8925827644E33009ACA0A /* Sources */ = {
			isa = PBXSourcesBuildPhase;
			buildActionMask = 2147483647;
			files = (
				F93D8CB527E64D58006C2FD3 /* MyHIDManager.swift in Sources */,
				F99C5DF727E7CDB60080117D /* AboutView.swift in Sources */,
				F93D8CBF27E6B6E3006C2FD3 /* MouseHandler.hpp in Sources */,
				F93D8CBD27E6B320006C2FD3 /* Global.hpp in Sources */,
				F9A8926027644E33009ACA0A /* KeyRemapperApp.swift in Sources */,
				F93D8CB927E67AF1006C2FD3 /* KeyRemapperWrapper.mm in Sources */,
			);
			runOnlyForDeploymentPostprocessing = 0;
		};
/* End PBXSourcesBuildPhase section */

/* Begin XCBuildConfiguration section */
		F9A8926A27644E35009ACA0A /* Debug */ = {
			isa = XCBuildConfiguration;
			buildSettings = {
				ALWAYS_SEARCH_USER_PATHS = NO;
				CLANG_ANALYZER_NONNULL = YES;
				CLANG_ANALYZER_NUMBER_OBJECT_CONVERSION = YES_AGGRESSIVE;
				CLANG_CXX_LANGUAGE_STANDARD = "gnu++17";
				CLANG_CXX_LIBRARY = "libc++";
				CLANG_ENABLE_MODULES = YES;
				CLANG_ENABLE_OBJC_ARC = YES;
				CLANG_ENABLE_OBJC_WEAK = YES;
				CLANG_WARN_BLOCK_CAPTURE_AUTORELEASING = YES;
				CLANG_WARN_BOOL_CONVERSION = YES;
				CLANG_WARN_COMMA = YES;
				CLANG_WARN_CONSTANT_CONVERSION = YES;
				CLANG_WARN_DEPRECATED_OBJC_IMPLEMENTATIONS = YES;
				CLANG_WARN_DIRECT_OBJC_ISA_USAGE = YES_ERROR;
				CLANG_WARN_DOCUMENTATION_COMMENTS = YES;
				CLANG_WARN_EMPTY_BODY = YES;
				CLANG_WARN_ENUM_CONVERSION = YES;
				CLANG_WARN_INFINITE_RECURSION = YES;
				CLANG_WARN_INT_CONVERSION = YES;
				CLANG_WARN_NON_LITERAL_NULL_CONVERSION = YES;
				CLANG_WARN_OBJC_IMPLICIT_RETAIN_SELF = YES;
				CLANG_WARN_OBJC_LITERAL_CONVERSION = YES;
				CLANG_WARN_OBJC_ROOT_CLASS = YES_ERROR;
				CLANG_WARN_QUOTED_INCLUDE_IN_FRAMEWORK_HEADER = YES;
				CLANG_WARN_RANGE_LOOP_ANALYSIS = YES;
				CLANG_WARN_STRICT_PROTOTYPES = YES;
				CLANG_WARN_SUSPICIOUS_MOVE = YES;
				CLANG_WARN_UNGUARDED_AVAILABILITY = YES_AGGRESSIVE;
				CLANG_WARN_UNREACHABLE_CODE = YES;
				CLANG_WARN__DUPLICATE_METHOD_MATCH = YES;
				COPY_PHASE_STRIP = NO;
				DEBUG_INFORMATION_FORMAT = dwarf;
				ENABLE_STRICT_OBJC_MSGSEND = YES;
				ENABLE_TESTABILITY = YES;
				GCC_C_LANGUAGE_STANDARD = gnu11;
				GCC_DYNAMIC_NO_PIC = NO;
				GCC_NO_COMMON_BLOCKS = YES;
				GCC_OPTIMIZATION_LEVEL = 0;
				GCC_PREPROCESSOR_DEFINITIONS = (
					"DEBUG=1",
					"$(inherited)",
				);
				GCC_WARN_64_TO_32_BIT_CONVERSION = YES;
				GCC_WARN_ABOUT_RETURN_TYPE = YES_ERROR;
				GCC_WARN_UNDECLARED_SELECTOR = YES;
				GCC_WARN_UNINITIALIZED_AUTOS = YES_AGGRESSIVE;
				GCC_WARN_UNUSED_FUNCTION = YES;
				GCC_WARN_UNUSED_VARIABLE = YES;
				MACOSX_DEPLOYMENT_TARGET = 11.3;
				MTL_ENABLE_DEBUG_INFO = INCLUDE_SOURCE;
				MTL_FAST_MATH = YES;
				ONLY_ACTIVE_ARCH = YES;
				SDKROOT = macosx;
				SWIFT_ACTIVE_COMPILATION_CONDITIONS = DEBUG;
				SWIFT_OPTIMIZATION_LEVEL = "-Onone";
			};
			name = Debug;
		};
		F9A8926B27644E35009ACA0A /* Release */ = {
			isa = XCBuildConfiguration;
			buildSettings = {
				ALWAYS_SEARCH_USER_PATHS = NO;
				CLANG_ANALYZER_NONNULL = YES;
				CLANG_ANALYZER_NUMBER_OBJECT_CONVERSION = YES_AGGRESSIVE;
				CLANG_CXX_LANGUAGE_STANDARD = "gnu++17";
				CLANG_CXX_LIBRARY = "libc++";
				CLANG_ENABLE_MODULES = YES;
				CLANG_ENABLE_OBJC_ARC = YES;
				CLANG_ENABLE_OBJC_WEAK = YES;
				CLANG_WARN_BLOCK_CAPTURE_AUTORELEASING = YES;
				CLANG_WARN_BOOL_CONVERSION = YES;
				CLANG_WARN_COMMA = YES;
				CLANG_WARN_CONSTANT_CONVERSION = YES;
				CLANG_WARN_DEPRECATED_OBJC_IMPLEMENTATIONS = YES;
				CLANG_WARN_DIRECT_OBJC_ISA_USAGE = YES_ERROR;
				CLANG_WARN_DOCUMENTATION_COMMENTS = YES;
				CLANG_WARN_EMPTY_BODY = YES;
				CLANG_WARN_ENUM_CONVERSION = YES;
				CLANG_WARN_INFINITE_RECURSION = YES;
				CLANG_WARN_INT_CONVERSION = YES;
				CLANG_WARN_NON_LITERAL_NULL_CONVERSION = YES;
				CLANG_WARN_OBJC_IMPLICIT_RETAIN_SELF = YES;
				CLANG_WARN_OBJC_LITERAL_CONVERSION = YES;
				CLANG_WARN_OBJC_ROOT_CLASS = YES_ERROR;
				CLANG_WARN_QUOTED_INCLUDE_IN_FRAMEWORK_HEADER = YES;
				CLANG_WARN_RANGE_LOOP_ANALYSIS = YES;
				CLANG_WARN_STRICT_PROTOTYPES = YES;
				CLANG_WARN_SUSPICIOUS_MOVE = YES;
				CLANG_WARN_UNGUARDED_AVAILABILITY = YES_AGGRESSIVE;
				CLANG_WARN_UNREACHABLE_CODE = YES;
				CLANG_WARN__DUPLICATE_METHOD_MATCH = YES;
				COPY_PHASE_STRIP = NO;
				DEBUG_INFORMATION_FORMAT = "dwarf-with-dsym";
				ENABLE_NS_ASSERTIONS = NO;
				ENABLE_STRICT_OBJC_MSGSEND = YES;
				GCC_C_LANGUAGE_STANDARD = gnu11;
				GCC_NO_COMMON_BLOCKS = YES;
				GCC_WARN_64_TO_32_BIT_CONVERSION = YES;
				GCC_WARN_ABOUT_RETURN_TYPE = YES_ERROR;
				GCC_WARN_UNDECLARED_SELECTOR = YES;
				GCC_WARN_UNINITIALIZED_AUTOS = YES_AGGRESSIVE;
				GCC_WARN_UNUSED_FUNCTION = YES;
				GCC_WARN_UNUSED_VARIABLE = YES;
				MACOSX_DEPLOYMENT_TARGET = 11.3;
				MTL_ENABLE_DEBUG_INFO = NO;
				MTL_FAST_MATH = YES;
				SDKROOT = macosx;
				SWIFT_COMPILATION_MODE = wholemodule;
				SWIFT_OPTIMIZATION_LEVEL = "-O";
			};
			name = Release;
		};
		F9A8926D27644E35009ACA0A /* Debug */ = {
			isa = XCBuildConfiguration;
			buildSettings = {
				ASSETCATALOG_COMPILER_APPICON_NAME = AppIcon;
				ASSETCATALOG_COMPILER_GLOBAL_ACCENT_COLOR_NAME = AccentColor;
				CLANG_ENABLE_MODULES = YES;
				CODE_SIGN_ENTITLEMENTS = KeyRemapper/KeyRemapper.entitlements;
				CODE_SIGN_IDENTITY = "Apple Development";
				CODE_SIGN_STYLE = Automatic;
				COMBINE_HIDPI_IMAGES = YES;
				CURRENT_PROJECT_VERSION = Universal;
				DEVELOPMENT_ASSET_PATHS = "\"KeyRemapper/Preview Content\"";
				DEVELOPMENT_TEAM = PCZ58H68H5;
				ENABLE_HARDENED_RUNTIME = YES;
				ENABLE_PREVIEWS = YES;
				INFOPLIST_FILE = KeyRemapper/Info.plist;
				LD_RUNPATH_SEARCH_PATHS = (
					"$(inherited)",
					"@executable_path/../Frameworks",
				);
				MACOSX_DEPLOYMENT_TARGET = 11.0;
				MARKETING_VERSION = 2.1.2;
				PRODUCT_BUNDLE_IDENTIFIER = co.goerwin.KeyRemapper;
				PRODUCT_NAME = "$(TARGET_NAME)";
				SWIFT_OBJC_BRIDGING_HEADER = "KeyRemapper-Bridging-Header.h";
				SWIFT_OPTIMIZATION_LEVEL = "-Onone";
				SWIFT_VERSION = 5.0;
			};
			name = Debug;
		};
		F9A8926E27644E35009ACA0A /* Release */ = {
			isa = XCBuildConfiguration;
			buildSettings = {
				ASSETCATALOG_COMPILER_APPICON_NAME = AppIcon;
				ASSETCATALOG_COMPILER_GLOBAL_ACCENT_COLOR_NAME = AccentColor;
				CLANG_ENABLE_MODULES = YES;
				CODE_SIGN_ENTITLEMENTS = KeyRemapper/KeyRemapper.entitlements;
				CODE_SIGN_IDENTITY = "Apple Development";
				CODE_SIGN_STYLE = Automatic;
				COMBINE_HIDPI_IMAGES = YES;
				CURRENT_PROJECT_VERSION = Universal;
				DEVELOPMENT_ASSET_PATHS = "\"KeyRemapper/Preview Content\"";
				DEVELOPMENT_TEAM = PCZ58H68H5;
				ENABLE_HARDENED_RUNTIME = YES;
				ENABLE_PREVIEWS = YES;
				INFOPLIST_FILE = KeyRemapper/Info.plist;
				LD_RUNPATH_SEARCH_PATHS = (
					"$(inherited)",
					"@executable_path/../Frameworks",
				);
				MACOSX_DEPLOYMENT_TARGET = 11.0;
				MARKETING_VERSION = 2.1.2;
				PRODUCT_BUNDLE_IDENTIFIER = co.goerwin.KeyRemapper;
				PRODUCT_NAME = "$(TARGET_NAME)";
				SWIFT_OBJC_BRIDGING_HEADER = "KeyRemapper-Bridging-Header.h";
				SWIFT_VERSION = 5.0;
			};
			name = Release;
		};
/* End XCBuildConfiguration section */

/* Begin XCConfigurationList section */
		F9A8925727644E33009ACA0A /* Build configuration list for PBXProject "KeyRemapper" */ = {
			isa = XCConfigurationList;
			buildConfigurations = (
				F9A8926A27644E35009ACA0A /* Debug */,
				F9A8926B27644E35009ACA0A /* Release */,
			);
			defaultConfigurationIsVisible = 0;
			defaultConfigurationName = Release;
		};
		F9A8926C27644E35009ACA0A /* Build configuration list for PBXNativeTarget "KeyRemapper" */ = {
			isa = XCConfigurationList;
			buildConfigurations = (
				F9A8926D27644E35009ACA0A /* Debug */,
				F9A8926E27644E35009ACA0A /* Release */,
			);
			defaultConfigurationIsVisible = 0;
			defaultConfigurationName = Release;
		};
/* End XCConfigurationList section */
	};
	rootObject = F9A8925427644E33009ACA0A /* Project object */;
}
